// !$*UTF8*$!
{
	archiveVersion = 1;
	classes = {
	};
	objectVersion = 50;
	objects = {

/* Begin PBXBuildFile section */
		8E0EE7DB23F16481007E7BB7 /* Card.swift in Sources */ = {isa = PBXBuildFile; fileRef = 8E0EE7DA23F16481007E7BB7 /* Card.swift */; };
		8E0EE7DD23F165D1007E7BB7 /* Concentration.swift in Sources */ = {isa = PBXBuildFile; fileRef = 8E0EE7DC23F165D1007E7BB7 /* Concentration.swift */; };
		8E11922F23F92DB600DCFCF6 /* ThemeViewController.swift in Sources */ = {isa = PBXBuildFile; fileRef = 8E11922E23F92DB600DCFCF6 /* ThemeViewController.swift */; };
		8E11923123F975DF00DCFCF6 /* PlayingCardUIView.swift in Sources */ = {isa = PBXBuildFile; fileRef = 8E11923023F975DF00DCFCF6 /* PlayingCardUIView.swift */; };
		8E50C46023F04A08006C2C64 /* AppDelegate.swift in Sources */ = {isa = PBXBuildFile; fileRef = 8E50C45F23F04A08006C2C64 /* AppDelegate.swift */; };
		8E50C46223F04A08006C2C64 /* SceneDelegate.swift in Sources */ = {isa = PBXBuildFile; fileRef = 8E50C46123F04A08006C2C64 /* SceneDelegate.swift */; };
		8E50C46423F04A08006C2C64 /* ViewController.swift in Sources */ = {isa = PBXBuildFile; fileRef = 8E50C46323F04A08006C2C64 /* ViewController.swift */; };
		8E50C46723F04A08006C2C64 /* Main.storyboard in Resources */ = {isa = PBXBuildFile; fileRef = 8E50C46523F04A08006C2C64 /* Main.storyboard */; };
		8E50C46C23F04A0E006C2C64 /* LaunchScreen.storyboard in Resources */ = {isa = PBXBuildFile; fileRef = 8E50C46A23F04A0E006C2C64 /* LaunchScreen.storyboard */; };
		8EFAF16623FBD1D3007D567E /* PlayingCard.swift in Sources */ = {isa = PBXBuildFile; fileRef = 8EFAF16523FBD1D3007D567E /* PlayingCard.swift */; };
		8EFAF16823FBD1DE007D567E /* PlayingDeck.swift in Sources */ = {isa = PBXBuildFile; fileRef = 8EFAF16723FBD1DE007D567E /* PlayingDeck.swift */; };
		8EFAF16A23FBED66007D567E /* Assets.xcassets in Resources */ = {isa = PBXBuildFile; fileRef = 8E50C46823F04A0E006C2C64 /* Assets.xcassets */; };
		8EFAF16C23FC0741007D567E /* PlayingCardViewController.swift in Sources */ = {isa = PBXBuildFile; fileRef = 8EFAF16B23FC0741007D567E /* PlayingCardViewController.swift */; };
/* End PBXBuildFile section */

/* Begin PBXFileReference section */
		8E0EE7DA23F16481007E7BB7 /* Card.swift */ = {isa = PBXFileReference; lastKnownFileType = sourcecode.swift; path = Card.swift; sourceTree = "<group>"; };
		8E0EE7DC23F165D1007E7BB7 /* Concentration.swift */ = {isa = PBXFileReference; lastKnownFileType = sourcecode.swift; path = Concentration.swift; sourceTree = "<group>"; };
		8E11922E23F92DB600DCFCF6 /* ThemeViewController.swift */ = {isa = PBXFileReference; lastKnownFileType = sourcecode.swift; path = ThemeViewController.swift; sourceTree = "<group>"; };
		8E11923023F975DF00DCFCF6 /* PlayingCardUIView.swift */ = {isa = PBXFileReference; lastKnownFileType = sourcecode.swift; path = PlayingCardUIView.swift; sourceTree = "<group>"; };
		8E50C45C23F04A08006C2C64 /* Assignment1.app */ = {isa = PBXFileReference; explicitFileType = wrapper.application; includeInIndex = 0; path = Assignment1.app; sourceTree = BUILT_PRODUCTS_DIR; };
		8E50C45F23F04A08006C2C64 /* AppDelegate.swift */ = {isa = PBXFileReference; lastKnownFileType = sourcecode.swift; path = AppDelegate.swift; sourceTree = "<group>"; };
		8E50C46123F04A08006C2C64 /* SceneDelegate.swift */ = {isa = PBXFileReference; lastKnownFileType = sourcecode.swift; path = SceneDelegate.swift; sourceTree = "<group>"; };
		8E50C46323F04A08006C2C64 /* ViewController.swift */ = {isa = PBXFileReference; lastKnownFileType = sourcecode.swift; path = ViewController.swift; sourceTree = "<group>"; };
		8E50C46623F04A08006C2C64 /* Base */ = {isa = PBXFileReference; lastKnownFileType = file.storyboard; name = Base; path = Base.lproj/Main.storyboard; sourceTree = "<group>"; };
		8E50C46823F04A0E006C2C64 /* Assets.xcassets */ = {isa = PBXFileReference; lastKnownFileType = folder.assetcatalog; path = Assets.xcassets; sourceTree = "<group>"; };
		8E50C46B23F04A0E006C2C64 /* Base */ = {isa = PBXFileReference; lastKnownFileType = file.storyboard; name = Base; path = Base.lproj/LaunchScreen.storyboard; sourceTree = "<group>"; };
		8E50C46D23F04A0E006C2C64 /* Info.plist */ = {isa = PBXFileReference; lastKnownFileType = text.plist.xml; path = Info.plist; sourceTree = "<group>"; };
		8EFAF16523FBD1D3007D567E /* PlayingCard.swift */ = {isa = PBXFileReference; lastKnownFileType = sourcecode.swift; path = PlayingCard.swift; sourceTree = "<group>"; };
		8EFAF16723FBD1DE007D567E /* PlayingDeck.swift */ = {isa = PBXFileReference; lastKnownFileType = sourcecode.swift; path = PlayingDeck.swift; sourceTree = "<group>"; };
		8EFAF16B23FC0741007D567E /* PlayingCardViewController.swift */ = {isa = PBXFileReference; lastKnownFileType = sourcecode.swift; path = PlayingCardViewController.swift; sourceTree = "<group>"; };
/* End PBXFileReference section */

/* Begin PBXFrameworksBuildPhase section */
		8E50C45923F04A08006C2C64 /* Frameworks */ = {
			isa = PBXFrameworksBuildPhase;
			buildActionMask = 2147483647;
			files = (
			);
			runOnlyForDeploymentPostprocessing = 0;
		};
/* End PBXFrameworksBuildPhase section */

/* Begin PBXGroup section */
		8E0EE7D623F16392007E7BB7 /* View */ = {
			isa = PBXGroup;
			children = (
				8E50C46523F04A08006C2C64 /* Main.storyboard */,
			);
			path = View;
			sourceTree = "<group>";
		};
		8E0EE7D723F1639C007E7BB7 /* Controller */ = {
			isa = PBXGroup;
			children = (
				8E50C46323F04A08006C2C64 /* ViewController.swift */,
				8E11922E23F92DB600DCFCF6 /* ThemeViewController.swift */,
				8E11923023F975DF00DCFCF6 /* PlayingCardUIView.swift */,
				8EFAF16B23FC0741007D567E /* PlayingCardViewController.swift */,
			);
			path = Controller;
			sourceTree = "<group>";
		};
		8E0EE7D823F163A8007E7BB7 /* Model */ = {
			isa = PBXGroup;
			children = (
				8E0EE7DA23F16481007E7BB7 /* Card.swift */,
				8E0EE7DC23F165D1007E7BB7 /* Concentration.swift */,
				8EFAF16523FBD1D3007D567E /* PlayingCard.swift */,
				8EFAF16723FBD1DE007D567E /* PlayingDeck.swift */,
			);
			path = Model;
			sourceTree = "<group>";
		};
		8E0EE7D923F163BD007E7BB7 /* Supporting Files */ = {
			isa = PBXGroup;
			children = (
				8E50C46A23F04A0E006C2C64 /* LaunchScreen.storyboard */,
				8E50C45F23F04A08006C2C64 /* AppDelegate.swift */,
				8E50C46123F04A08006C2C64 /* SceneDelegate.swift */,
			);
			path = "Supporting Files";
			sourceTree = "<group>";
		};
		8E50C45323F04A08006C2C64 = {
			isa = PBXGroup;
			children = (
				8E50C45E23F04A08006C2C64 /* Assignment1 */,
				8E50C45D23F04A08006C2C64 /* Products */,
			);
			sourceTree = "<group>";
		};
		8E50C45D23F04A08006C2C64 /* Products */ = {
			isa = PBXGroup;
			children = (
				8E50C45C23F04A08006C2C64 /* Assignment1.app */,
			);
			name = Products;
			sourceTree = "<group>";
		};
		8E50C45E23F04A08006C2C64 /* Assignment1 */ = {
			isa = PBXGroup;
			children = (
				8E50C46823F04A0E006C2C64 /* Assets.xcassets */,
				8E0EE7D923F163BD007E7BB7 /* Supporting Files */,
				8E0EE7D823F163A8007E7BB7 /* Model */,
				8E0EE7D623F16392007E7BB7 /* View */,
				8E0EE7D723F1639C007E7BB7 /* Controller */,
				8E50C46D23F04A0E006C2C64 /* Info.plist */,
			);
			path = Assignment1;
			sourceTree = "<group>";
		};
/* End PBXGroup section */

/* Begin PBXNativeTarget section */
		8E50C45B23F04A08006C2C64 /* Assignment1 */ = {
			isa = PBXNativeTarget;
			buildConfigurationList = 8E50C47023F04A0E006C2C64 /* Build configuration list for PBXNativeTarget "Assignment1" */;
			buildPhases = (
				8E50C45823F04A08006C2C64 /* Sources */,
				8E50C45923F04A08006C2C64 /* Frameworks */,
				8E50C45A23F04A08006C2C64 /* Resources */,
			);
			buildRules = (
			);
			dependencies = (
			);
			name = Assignment1;
			productName = Assignment1;
			productReference = 8E50C45C23F04A08006C2C64 /* Assignment1.app */;
			productType = "com.apple.product-type.application";
		};
/* End PBXNativeTarget section */

/* Begin PBXProject section */
		8E50C45423F04A08006C2C64 /* Project object */ = {
			isa = PBXProject;
			attributes = {
				LastSwiftUpdateCheck = 1130;
				LastUpgradeCheck = 1130;
				ORGANIZATIONNAME = "Adham Ragab";
				TargetAttributes = {
					8E50C45B23F04A08006C2C64 = {
						CreatedOnToolsVersion = 11.3.1;
					};
				};
			};
			buildConfigurationList = 8E50C45723F04A08006C2C64 /* Build configuration list for PBXProject "Assignment1" */;
			compatibilityVersion = "Xcode 9.3";
			developmentRegion = en;
			hasScannedForEncodings = 0;
			knownRegions = (
				en,
				Base,
			);
			mainGroup = 8E50C45323F04A08006C2C64;
			productRefGroup = 8E50C45D23F04A08006C2C64 /* Products */;
			projectDirPath = "";
			projectRoot = "";
			targets = (
				8E50C45B23F04A08006C2C64 /* Assignment1 */,
			);
		};
/* End PBXProject section */

/* Begin PBXResourcesBuildPhase section */
		8E50C45A23F04A08006C2C64 /* Resources */ = {
			isa = PBXResourcesBuildPhase;
			buildActionMask = 2147483647;
			files = (
				8E50C46C23F04A0E006C2C64 /* LaunchScreen.storyboard in Resources */,
				8EFAF16A23FBED66007D567E /* Assets.xcassets in Resources */,
				8E50C46723F04A08006C2C64 /* Main.storyboard in Resources */,
			);
			runOnlyForDeploymentPostprocessing = 0;
		};
/* End PBXResourcesBuildPhase section */

/* Begin PBXSourcesBuildPhase section */
		8E50C45823F04A08006C2C64 /* Sources */ = {
			isa = PBXSourcesBuildPhase;
			buildActionMask = 2147483647;
			files = (
				8E11922F23F92DB600DCFCF6 /* ThemeViewController.swift in Sources */,
				8EFAF16823FBD1DE007D567E /* PlayingDeck.swift in Sources */,
				8E50C46423F04A08006C2C64 /* ViewController.swift in Sources */,
				8EFAF16C23FC0741007D567E /* PlayingCardViewController.swift in Sources */,
				8EFAF16623FBD1D3007D567E /* PlayingCard.swift in Sources */,
				8E0EE7DD23F165D1007E7BB7 /* Concentration.swift in Sources */,
				8E0EE7DB23F16481007E7BB7 /* Card.swift in Sources */,
				8E11923123F975DF00DCFCF6 /* PlayingCardUIView.swift in Sources */,
				8E50C46023F04A08006C2C64 /* AppDelegate.swift in Sources */,
				8E50C46223F04A08006C2C64 /* SceneDelegate.swift in Sources */,
			);
			runOnlyForDeploymentPostprocessing = 0;
		};
/* End PBXSourcesBuildPhase section */

/* Begin PBXVariantGroup section */
		8E50C46523F04A08006C2C64 /* Main.storyboard */ = {
			isa = PBXVariantGroup;
			children = (
				8E50C46623F04A08006C2C64 /* Base */,
			);
			name = Main.storyboard;
			sourceTree = "<group>";
		};
		8E50C46A23F04A0E006C2C64 /* LaunchScreen.storyboard */ = {
			isa = PBXVariantGroup;
			children = (
				8E50C46B23F04A0E006C2C64 /* Base */,
			);
			name = LaunchScreen.storyboard;
			sourceTree = "<group>";
		};
/* End PBXVariantGroup section */

/* Begin XCBuildConfiguration section */
		8E50C46E23F04A0E006C2C64 /* Debug */ = {
			isa = XCBuildConfiguration;
			buildSettings = {
				ALWAYS_SEARCH_USER_PATHS = NO;
				CLANG_ANALYZER_NONNULL = YES;
				CLANG_ANALYZER_NUMBER_OBJECT_CONVERSION = YES_AGGRESSIVE;
				CLANG_CXX_LANGUAGE_STANDARD = "gnu++14";
				CLANG_CXX_LIBRARY = "libc++";
				CLANG_ENABLE_MODULES = YES;
				CLANG_ENABLE_OBJC_ARC = YES;
				CLANG_ENABLE_OBJC_WEAK = YES;
				CLANG_WARN_BLOCK_CAPTURE_AUTORELEASING = YES;
				CLANG_WARN_BOOL_CONVERSION = YES;
				CLANG_WARN_COMMA = YES;
				CLANG_WARN_CONSTANT_CONVERSION = YES;
				CLANG_WARN_DEPRECATED_OBJC_IMPLEMENTATIONS = YES;
				CLANG_WARN_DIRECT_OBJC_ISA_USAGE = YES_ERROR;
				CLANG_WARN_DOCUMENTATION_COMMENTS = YES;
				CLANG_WARN_EMPTY_BODY = YES;
				CLANG_WARN_ENUM_CONVERSION = YES;
				CLANG_WARN_INFINITE_RECURSION = YES;
				CLANG_WARN_INT_CONVERSION = YES;
				CLANG_WARN_NON_LITERAL_NULL_CONVERSION = YES;
				CLANG_WARN_OBJC_IMPLICIT_RETAIN_SELF = YES;
				CLANG_WARN_OBJC_LITERAL_CONVERSION = YES;
				CLANG_WARN_OBJC_ROOT_CLASS = YES_ERROR;
				CLANG_WARN_RANGE_LOOP_ANALYSIS = YES;
				CLANG_WARN_STRICT_PROTOTYPES = YES;
				CLANG_WARN_SUSPICIOUS_MOVE = YES;
				CLANG_WARN_UNGUARDED_AVAILABILITY = YES_AGGRESSIVE;
				CLANG_WARN_UNREACHABLE_CODE = YES;
				CLANG_WARN__DUPLICATE_METHOD_MATCH = YES;
				COPY_PHASE_STRIP = NO;
				DEBUG_INFORMATION_FORMAT = dwarf;
				ENABLE_STRICT_OBJC_MSGSEND = YES;
				ENABLE_TESTABILITY = YES;
				GCC_C_LANGUAGE_STANDARD = gnu11;
				GCC_DYNAMIC_NO_PIC = NO;
				GCC_NO_COMMON_BLOCKS = YES;
				GCC_OPTIMIZATION_LEVEL = 0;
				GCC_PREPROCESSOR_DEFINITIONS = (
					"DEBUG=1",
					"$(inherited)",
				);
				GCC_WARN_64_TO_32_BIT_CONVERSION = YES;
				GCC_WARN_ABOUT_RETURN_TYPE = YES_ERROR;
				GCC_WARN_UNDECLARED_SELECTOR = YES;
				GCC_WARN_UNINITIALIZED_AUTOS = YES_AGGRESSIVE;
				GCC_WARN_UNUSED_FUNCTION = YES;
				GCC_WARN_UNUSED_VARIABLE = YES;
				IPHONEOS_DEPLOYMENT_TARGET = 13.2;
				MTL_ENABLE_DEBUG_INFO = INCLUDE_SOURCE;
				MTL_FAST_MATH = YES;
				ONLY_ACTIVE_ARCH = YES;
				SDKROOT = iphoneos;
				SWIFT_ACTIVE_COMPILATION_CONDITIONS = DEBUG;
				SWIFT_OPTIMIZATION_LEVEL = "-Onone";
			};
			name = Debug;
		};
		8E50C46F23F04A0E006C2C64 /* Release */ = {
			isa = XCBuildConfiguration;
			buildSettings = {
				ALWAYS_SEARCH_USER_PATHS = NO;
				CLANG_ANALYZER_NONNULL = YES;
				CLANG_ANALYZER_NUMBER_OBJECT_CONVERSION = YES_AGGRESSIVE;
				CLANG_CXX_LANGUAGE_STANDARD = "gnu++14";
				CLANG_CXX_LIBRARY = "libc++";
				CLANG_ENABLE_MODULES = YES;
				CLANG_ENABLE_OBJC_ARC = YES;
				CLANG_ENABLE_OBJC_WEAK = YES;
				CLANG_WARN_BLOCK_CAPTURE_AUTORELEASING = YES;
				CLANG_WARN_BOOL_CONVERSION = YES;
				CLANG_WARN_COMMA = YES;
				CLANG_WARN_CONSTANT_CONVERSION = YES;
				CLANG_WARN_DEPRECATED_OBJC_IMPLEMENTATIONS = YES;
				CLANG_WARN_DIRECT_OBJC_ISA_USAGE = YES_ERROR;
				CLANG_WARN_DOCUMENTATION_COMMENTS = YES;
				CLANG_WARN_EMPTY_BODY = YES;
				CLANG_WARN_ENUM_CONVERSION = YES;
				CLANG_WARN_INFINITE_RECURSION = YES;
				CLANG_WARN_INT_CONVERSION = YES;
				CLANG_WARN_NON_LITERAL_NULL_CONVERSION = YES;
				CLANG_WARN_OBJC_IMPLICIT_RETAIN_SELF = YES;
				CLANG_WARN_OBJC_LITERAL_CONVERSION = YES;
				CLANG_WARN_OBJC_ROOT_CLASS = YES_ERROR;
				CLANG_WARN_RANGE_LOOP_ANALYSIS = YES;
				CLANG_WARN_STRICT_PROTOTYPES = YES;
				CLANG_WARN_SUSPICIOUS_MOVE = YES;
				CLANG_WARN_UNGUARDED_AVAILABILITY = YES_AGGRESSIVE;
				CLANG_WARN_UNREACHABLE_CODE = YES;
				CLANG_WARN__DUPLICATE_METHOD_MATCH = YES;
				COPY_PHASE_STRIP = NO;
				DEBUG_INFORMATION_FORMAT = "dwarf-with-dsym";
				ENABLE_NS_ASSERTIONS = NO;
				ENABLE_STRICT_OBJC_MSGSEND = YES;
				GCC_C_LANGUAGE_STANDARD = gnu11;
				GCC_NO_COMMON_BLOCKS = YES;
				GCC_WARN_64_TO_32_BIT_CONVERSION = YES;
				GCC_WARN_ABOUT_RETURN_TYPE = YES_ERROR;
				GCC_WARN_UNDECLARED_SELECTOR = YES;
				GCC_WARN_UNINITIALIZED_AUTOS = YES_AGGRESSIVE;
				GCC_WARN_UNUSED_FUNCTION = YES;
				GCC_WARN_UNUSED_VARIABLE = YES;
				IPHONEOS_DEPLOYMENT_TARGET = 13.2;
				MTL_ENABLE_DEBUG_INFO = NO;
				MTL_FAST_MATH = YES;
				SDKROOT = iphoneos;
				SWIFT_COMPILATION_MODE = wholemodule;
				SWIFT_OPTIMIZATION_LEVEL = "-O";
				VALIDATE_PRODUCT = YES;
			};
			name = Release;
		};
		8E50C47123F04A0E006C2C64 /* Debug */ = {
			isa = XCBuildConfiguration;
			buildSettings = {
				ASSETCATALOG_COMPILER_APPICON_NAME = AppIcon;
				CODE_SIGN_STYLE = Automatic;
				INFOPLIST_FILE = Assignment1/Info.plist;
				LD_RUNPATH_SEARCH_PATHS = (
					"$(inherited)",
					"@executable_path/Frameworks",
				);
				PRODUCT_BUNDLE_IDENTIFIER = com.AdhamRagab.Assignment1;
				PRODUCT_NAME = "$(TARGET_NAME)";
				SWIFT_VERSION = 5.0;
				TARGETED_DEVICE_FAMILY = "1,2";
			};
			name = Debug;
		};
		8E50C47223F04A0E006C2C64 /* Release */ = {
			isa = XCBuildConfiguration;
			buildSettings = {
				ASSETCATALOG_COMPILER_APPICON_NAME = AppIcon;
				CODE_SIGN_STYLE = Automatic;
				INFOPLIST_FILE = Assignment1/Info.plist;
				LD_RUNPATH_SEARCH_PATHS = (
					"$(inherited)",
					"@executable_path/Frameworks",
				);
				PRODUCT_BUNDLE_IDENTIFIER = com.AdhamRagab.Assignment1;
				PRODUCT_NAME = "$(TARGET_NAME)";
				SWIFT_VERSION = 5.0;
				TARGETED_DEVICE_FAMILY = "1,2";
			};
			name = Release;
		};
/* End XCBuildConfiguration section */

/* Begin XCConfigurationList section */
		8E50C45723F04A08006C2C64 /* Build configuration list for PBXProject "Assignment1" */ = {
			isa = XCConfigurationList;
			buildConfigurations = (
				8E50C46E23F04A0E006C2C64 /* Debug */,
				8E50C46F23F04A0E006C2C64 /* Release */,
			);
			defaultConfigurationIsVisible = 0;
			defaultConfigurationName = Release;
		};
		8E50C47023F04A0E006C2C64 /* Build configuration list for PBXNativeTarget "Assignment1" */ = {
			isa = XCConfigurationList;
			buildConfigurations = (
				8E50C47123F04A0E006C2C64 /* Debug */,
				8E50C47223F04A0E006C2C64 /* Release */,
			);
			defaultConfigurationIsVisible = 0;
			defaultConfigurationName = Release;
		};
/* End XCConfigurationList section */
	};
	rootObject = 8E50C45423F04A08006C2C64 /* Project object */;
}
